
Microsoft Visual Studio Solution File, Format Version 12.00
# Visual Studio Version 17
VisualStudioVersion = 17.7.34031.279
MinimumVisualStudioVersion = 10.0.40219.1
Project("{FAE04EC0-301F-11D3-BF4B-00C04F79EFBC}") = "mdpOdev2", "mdpOdev2\mdpOdev2.csproj", "{C715EA83-03A2-4808-BD38-98356270636D}"
EndProject
Global
	GlobalSection(SolutionConfigurationPlatforms) = preSolution
		Debug|Any CPU = Debug|Any CPU
		Release|Any CPU = Release|Any CPU
	EndGlobalSection
	GlobalSection(ProjectConfigurationPlatforms) = postSolution
		{C715EA83-03A2-4808-BD38-98356270636D}.Debug|Any CPU.ActiveCfg = Debug|Any CPU
		{C715EA83-03A2-4808-BD38-98356270636D}.Debug|Any CPU.Build.0 = Debug|Any CPU
		{C715EA83-03A2-4808-BD38-98356270636D}.Release|Any CPU.ActiveCfg = Release|Any CPU
		{C715EA83-03A2-4808-BD38-98356270636D}.Release|Any CPU.Build.0 = Release|Any CPU
	EndGlobalSection
	GlobalSection(SolutionProperties) = preSolution
		HideSolutionNode = FALSE
	EndGlobalSection
	GlobalSection(ExtensibilityGlobals) = postSolution
		SolutionGuid = {A1AB880C-11BD-4FC3-B92C-256D66B0C622}
	EndGlobalSection
EndGlobal
